{
  "name": "ai-bot-platform",
  "lockfileVersion": 3,
  "requires": true,
  "packages": {
    "": {
      "dependencies": {
        "@tanstack/react-virtual": "^3.13.13",
        "ai": "^5.0.108",
        "framer-motion": "^12.23.25",
        "swr": "^2.3.7"
      }
    },
    "node_modules/@ai-sdk/gateway": {
      "version": "2.0.18",
      "resolved": "https://registry.npmjs.org/@ai-sdk/gateway/-/gateway-2.0.18.tgz",
      "integrity": "sha512-sDQcW+6ck2m0pTIHW6BPHD7S125WD3qNkx/B8sEzJp/hurocmJ5Cni0ybExg6sQMGo+fr/GWOwpHF1cmCdg5rQ==",
      "license": "Apache-2.0",
      "dependencies": {
        "@ai-sdk/provider": "2.0.0",
        "@ai-sdk/provider-utils": "3.0.18",
        "@vercel/oidc": "3.0.5"
      },
      "engines": {
        "node": ">=18"
      },
      "peerDependencies": {
        "zod": "^3.25.76 || ^4.1.8"
      }
    },
    "node_modules/@ai-sdk/provider": {
      "version": "2.0.0",
      "resolved": "https://registry.npmjs.org/@ai-sdk/provider/-/provider-2.0.0.tgz",
      "integrity": "sha512-6o7Y2SeO9vFKB8lArHXehNuusnpddKPk7xqL7T2/b+OvXMRIXUO1rR4wcv1hAFUAT9avGZshty3Wlua/XA7TvA==",
      "license": "Apache-2.0",
      "dependencies": {
        "json-schema": "^0.4.0"
      },
      "engines": {
        "node": ">=18"
      }
    },
    "node_modules/@ai-sdk/provider-utils": {
      "version": "3.0.18",
      "resolved": "https://registry.npmjs.org/@ai-sdk/provider-utils/-/provider-utils-3.0.18.tgz",
      "integrity": "sha512-ypv1xXMsgGcNKUP+hglKqtdDuMg68nWHucPPAhIENrbFAI+xCHiqPVN8Zllxyv1TNZwGWUghPxJXU+Mqps0YRQ==",
      "license": "Apache-2.0",
      "dependencies": {
        "@ai-sdk/provider": "2.0.0",
        "@standard-schema/spec": "^1.0.0",
        "eventsource-parser": "^3.0.6"
      },
      "engines": {
        "node": ">=18"
      },
      "peerDependencies": {
        "zod": "^3.25.76 || ^4.1.8"
      }
    },
    "node_modules/@opentelemetry/api": {
      "version": "1.9.0",
      "resolved": "https://registry.npmjs.org/@opentelemetry/api/-/api-1.9.0.tgz",
      "integrity": "sha512-3giAOQvZiH5F9bMlMiv8+GSPMeqg0dbaeo58/0SlA9sxSqZhnUtxzX9/2FzyhS9sWQf5S0GJE0AKBrFqjpeYcg==",
      "license": "Apache-2.0",
      "engines": {
        "node": ">=8.0.0"
      }
    },
    "node_modules/@standard-schema/spec": {
      "version": "1.0.0",
      "resolved": "https://registry.npmjs.org/@standard-schema/spec/-/spec-1.0.0.tgz",
      "integrity": "sha512-m2bOd0f2RT9k8QJx1JN85cZYyH1RqFBdlwtkSlf4tBDYLCiiZnv1fIIwacK6cqwXavOydf0NPToMQgpKq+dVlA==",
      "license": "MIT"
    },
    "node_modules/@tanstack/react-virtual": {
      "version": "3.13.13",
      "resolved": "https://registry.npmjs.org/@tanstack/react-virtual/-/react-virtual-3.13.13.tgz",
      "integrity": "sha512-4o6oPMDvQv+9gMi8rE6gWmsOjtUZUYIJHv7EB+GblyYdi8U6OqLl8rhHWIUZSL1dUU2dPwTdTgybCKf9EjIrQg==",
      "license": "MIT",
      "dependencies": {
        "@tanstack/virtual-core": "3.13.13"
      },
      "funding": {
        "type": "github",
        "url": "https://github.com/sponsors/tannerlinsley"
      },
      "peerDependencies": {
        "react": "^16.8.0 || ^17.0.0 || ^18.0.0 || ^19.0.0",
        "react-dom": "^16.8.0 || ^17.0.0 || ^18.0.0 || ^19.0.0"
      }
    },
    "node_modules/@tanstack/virtual-core": {
      "version": "3.13.13",
      "resolved": "https://registry.npmjs.org/@tanstack/virtual-core/-/virtual-core-3.13.13.tgz",
      "integrity": "sha512-uQFoSdKKf5S8k51W5t7b2qpfkyIbdHMzAn+AMQvHPxKUPeo1SsGaA4JRISQT87jm28b7z8OEqPcg1IOZagQHcA==",
      "license": "MIT",
      "funding": {
        "type": "github",
        "url": "https://github.com/sponsors/tannerlinsley"
      }
    },
    "node_modules/@vercel/oidc": {
      "version": "3.0.5",
      "resolved": "https://registry.npmjs.org/@vercel/oidc/-/oidc-3.0.5.tgz",
      "integrity": "sha512-fnYhv671l+eTTp48gB4zEsTW/YtRgRPnkI2nT7x6qw5rkI1Lq2hTmQIpHPgyThI0znLK+vX2n9XxKdXZ7BUbbw==",
      "license": "Apache-2.0",
      "engines": {
        "node": ">= 20"
      }
    },
    "node_modules/ai": {
      "version": "5.0.108",
      "resolved": "https://registry.npmjs.org/ai/-/ai-5.0.108.tgz",
      "integrity": "sha512-Jex3Lb7V41NNpuqJHKgrwoU6BCLHdI1Pg4qb4GJH4jRIDRXUBySJErHjyN4oTCwbiYCeb/8II9EnqSRPq9EifA==",
      "license": "Apache-2.0",
      "dependencies": {
        "@ai-sdk/gateway": "2.0.18",
        "@ai-sdk/provider": "2.0.0",
        "@ai-sdk/provider-utils": "3.0.18",
        "@opentelemetry/api": "1.9.0"
      },
      "engines": {
        "node": ">=18"
      },
      "peerDependencies": {
        "zod": "^3.25.76 || ^4.1.8"
      }
    },
    "node_modules/dequal": {
      "version": "2.0.3",
      "resolved": "https://registry.npmjs.org/dequal/-/dequal-2.0.3.tgz",
      "integrity": "sha512-0je+qPKHEMohvfRTCEo3CrPG6cAzAYgmzKyxRiYSSDkS6eGJdyVJm7WaYA5ECaAD9wLB2T4EEeymA5aFVcYXCA==",
      "license": "MIT",
      "engines": {
        "node": ">=6"
      }
    },
    "node_modules/eventsource-parser": {
      "version": "3.0.6",
      "resolved": "https://registry.npmjs.org/eventsource-parser/-/eventsource-parser-3.0.6.tgz",
      "integrity": "sha512-Vo1ab+QXPzZ4tCa8SwIHJFaSzy4R6SHf7BY79rFBDf0idraZWAkYrDjDj8uWaSm3S2TK+hJ7/t1CEmZ7jXw+pg==",
      "license": "MIT",
      "engines": {
        "node": ">=18.0.0"
      }
    },
    "node_modules/framer-motion": {
      "version": "12.23.25",
      "resolved": "https://registry.npmjs.org/framer-motion/-/framer-motion-12.23.25.tgz",
      "integrity": "sha512-gUHGl2e4VG66jOcH0JHhuJQr6ZNwrET9g31ZG0xdXzT0CznP7fHX4P8Bcvuc4MiUB90ysNnWX2ukHRIggkl6hQ==",
      "license": "MIT",
      "dependencies": {
        "motion-dom": "^12.23.23",
        "motion-utils": "^12.23.6",
        "tslib": "^2.4.0"
      },
      "peerDependencies": {
        "@emotion/is-prop-valid": "*",
        "react": "^18.0.0 || ^19.0.0",
        "react-dom": "^18.0.0 || ^19.0.0"
      },
      "peerDependenciesMeta": {
        "@emotion/is-prop-valid": {
          "optional": true
        },
        "react": {
          "optional": true
        },
        "react-dom": {
          "optional": true
        }
      }
    },
    "node_modules/json-schema": {
      "version": "0.4.0",
      "resolved": "https://registry.npmjs.org/json-schema/-/json-schema-0.4.0.tgz",
      "integrity": "sha512-es94M3nTIfsEPisRafak+HDLfHXnKBhV3vU5eqPcS3flIWqcxJWgXHXiey3YrpaNsanY5ei1VoYEbOzijuq9BA==",
      "license": "(AFL-2.1 OR BSD-3-Clause)"
    },
    "node_modules/motion-dom": {
      "version": "12.23.23",
      "resolved": "https://registry.npmjs.org/motion-dom/-/motion-dom-12.23.23.tgz",
      "integrity": "sha512-n5yolOs0TQQBRUFImrRfs/+6X4p3Q4n1dUEqt/H58Vx7OW6RF+foWEgmTVDhIWJIMXOuNNL0apKH2S16en9eiA==",
      "license": "MIT",
      "dependencies": {
        "motion-utils": "^12.23.6"
      }
    },
    "node_modules/motion-utils": {
      "version": "12.23.6",
      "resolved": "https://registry.npmjs.org/motion-utils/-/motion-utils-12.23.6.tgz",
      "integrity": "sha512-eAWoPgr4eFEOFfg2WjIsMoqJTW6Z8MTUCgn/GZ3VRpClWBdnbjryiA3ZSNLyxCTmCQx4RmYX6jX1iWHbenUPNQ==",
      "license": "MIT"
    },
    "node_modules/react": {
      "version": "19.2.1",
      "resolved": "https://registry.npmjs.org/react/-/react-19.2.1.tgz",
      "integrity": "sha512-DGrYcCWK7tvYMnWh79yrPHt+vdx9tY+1gPZa7nJQtO/p8bLTDaHp4dzwEhQB7pZ4Xe3ok4XKuEPrVuc+wlpkmw==",
      "license": "MIT",
      "peer": true,
      "engines": {
        "node": ">=0.10.0"
      }
    },
    "node_modules/react-dom": {
      "version": "19.2.1",
      "resolved": "https://registry.npmjs.org/react-dom/-/react-dom-19.2.1.tgz",
      "integrity": "sha512-ibrK8llX2a4eOskq1mXKu/TGZj9qzomO+sNfO98M6d9zIPOEhlBkMkBUBLd1vgS0gQsLDBzA+8jJBVXDnfHmJg==",
      "license": "MIT",
      "peer": true,
      "dependencies": {
        "scheduler": "^0.27.0"
      },
      "peerDependencies": {
        "react": "^19.2.1"
      }
    },
    "node_modules/scheduler": {
      "version": "0.27.0",
      "resolved": "https://registry.npmjs.org/scheduler/-/scheduler-0.27.0.tgz",
      "integrity": "sha512-eNv+WrVbKu1f3vbYJT/xtiF5syA5HPIMtf9IgY/nKg0sWqzAUEvqY/xm7OcZc/qafLx/iO9FgOmeSAp4v5ti/Q==",
      "license": "MIT",
      "peer": true
    },
    "node_modules/swr": {
      "version": "2.3.7",
      "resolved": "https://registry.npmjs.org/swr/-/swr-2.3.7.tgz",
      "integrity": "sha512-ZEquQ82QvalqTxhBVv/DlAg2mbmUjF4UgpPg9wwk4ufb9rQnZXh1iKyyKBqV6bQGu1Ie7L1QwSYO07qFIa1p+g==",
      "license": "MIT",
      "dependencies": {
        "dequal": "^2.0.3",
        "use-sync-external-store": "^1.4.0"
      },
      "peerDependencies": {
        "react": "^16.11.0 || ^17.0.0 || ^18.0.0 || ^19.0.0"
      }
    },
    "node_modules/tslib": {
      "version": "2.8.1",
      "resolved": "https://registry.npmjs.org/tslib/-/tslib-2.8.1.tgz",
      "integrity": "sha512-oJFu94HQb+KVduSUQL7wnpmqnfmLsOA/nAh6b6EH0wCEoK0/mPeXU6c3wKDV83MkOuHPRHtSXKKU99IBazS/2w==",
      "license": "0BSD"
    },
    "node_modules/use-sync-external-store": {
      "version": "1.6.0",
      "resolved": "https://registry.npmjs.org/use-sync-external-store/-/use-sync-external-store-1.6.0.tgz",
      "integrity": "sha512-Pp6GSwGP/NrPIrxVFAIkOQeyw8lFenOHijQWkUTrDvrF4ALqylP2C/KCkeS9dpUM3KvYRQhna5vt7IL95+ZQ9w==",
      "license": "MIT",
      "peerDependencies": {
        "react": "^16.8.0 || ^17.0.0 || ^18.0.0 || ^19.0.0"
      }
    },
    "node_modules/zod": {
      "version": "4.1.13",
      "resolved": "https://registry.npmjs.org/zod/-/zod-4.1.13.tgz",
      "integrity": "sha512-AvvthqfqrAhNH9dnfmrfKzX5upOdjUVJYFqNSlkmGf64gRaTzlPwz99IHYnVs28qYAybvAlBV+H7pn0saFY4Ig==",
      "license": "MIT",
      "peer": true,
      "funding": {
        "url": "https://github.com/sponsors/colinhacks"
      }
    }
  }
}
